
Microsoft Visual Studio Solution File, Format Version 12.00
# Visual Studio Version 16
VisualStudioVersion = 16.0.31729.503
MinimumVisualStudioVersion = 10.0.40219.1
Project("{FAE04EC0-301F-11D3-BF4B-00C04F79EFBC}") = "Contact Tracing Viewer", "Contact Tracing Viewer\Contact Tracing Viewer.csproj", "{B9FEE24D-64AB-4575-861D-188FDCE7E85C}"
EndProject
Global
	GlobalSection(SolutionConfigurationPlatforms) = preSolution
		Debug|Any CPU = Debug|Any CPU
		Release|Any CPU = Release|Any CPU
	EndGlobalSection
	GlobalSection(ProjectConfigurationPlatforms) = postSolution
		{B9FEE24D-64AB-4575-861D-188FDCE7E85C}.Debug|Any CPU.ActiveCfg = Debug|Any CPU
		{B9FEE24D-64AB-4575-861D-188FDCE7E85C}.Debug|Any CPU.Build.0 = Debug|Any CPU
		{B9FEE24D-64AB-4575-861D-188FDCE7E85C}.Release|Any CPU.ActiveCfg = Release|Any CPU
		{B9FEE24D-64AB-4575-861D-188FDCE7E85C}.Release|Any CPU.Build.0 = Release|Any CPU
	EndGlobalSection
	GlobalSection(SolutionProperties) = preSolution
		HideSolutionNode = FALSE
	EndGlobalSection
	GlobalSection(ExtensibilityGlobals) = postSolution
		SolutionGuid = {9D9B09EB-C674-4C20-8653-D3F25BDE1FAC}
	EndGlobalSection
EndGlobal
